# This file is autogenerated, do not edit; changes may be undone by the next 'dep ensure'.


[[projects]]
  name = "github.com/goruby/readline"
  packages = ["."]
  revision = "a4d5111b617813c5d09df1ba6d76394ed71b1644"
  version = "v1.5"

[[projects]]
  name = "github.com/pkg/errors"
  packages = ["."]
  revision = "645ef00459ed84a119197bfb8d8205042c6df63d"
  version = "v0.8.0"

[solve-meta]
  analyzer-name = "dep"
  analyzer-version = 1
  inputs-digest = "4cff0468512c8dd5177ab4c9707245aba76b0839e7ad06920830d28979e05186"
  solver-name = "gps-cdcl"
  solver-version = 1
